
Microsoft Visual Studio Solution File, Format Version 12.00
# Visual Studio Version 16
VisualStudioVersion = 16.0.31410.357
MinimumVisualStudioVersion = 10.0.40219.1
Project("{9A19103F-16F7-4668-BE54-9A1E7A4F7556}") = "IsTheKittenFed", "IsTheKittenFed.csproj", "{641B60DC-AFDA-41E1-9753-3960A6AEDF6F}"
EndProject
Global
	GlobalSection(SolutionConfigurationPlatforms) = preSolution
		Debug|Any CPU = Debug|Any CPU
		Debug|ARM64 = Debug|ARM64
		Release|Any CPU = Release|Any CPU
		Release|ARM64 = Release|ARM64
	EndGlobalSection
	GlobalSection(ProjectConfigurationPlatforms) = postSolution
		{641B60DC-AFDA-41E1-9753-3960A6AEDF6F}.Debug|Any CPU.ActiveCfg = Debug|ARM64
		{641B60DC-AFDA-41E1-9753-3960A6AEDF6F}.Debug|Any CPU.Build.0 = Debug|ARM64
		{641B60DC-AFDA-41E1-9753-3960A6AEDF6F}.Debug|ARM64.ActiveCfg = Debug|ARM64
		{641B60DC-AFDA-41E1-9753-3960A6AEDF6F}.Debug|ARM64.Build.0 = Debug|ARM64
		{641B60DC-AFDA-41E1-9753-3960A6AEDF6F}.Release|Any CPU.ActiveCfg = Release|Any CPU
		{641B60DC-AFDA-41E1-9753-3960A6AEDF6F}.Release|Any CPU.Build.0 = Release|Any CPU
		{641B60DC-AFDA-41E1-9753-3960A6AEDF6F}.Release|ARM64.ActiveCfg = Release|ARM64
		{641B60DC-AFDA-41E1-9753-3960A6AEDF6F}.Release|ARM64.Build.0 = Release|ARM64
	EndGlobalSection
	GlobalSection(SolutionProperties) = preSolution
		HideSolutionNode = FALSE
	EndGlobalSection
	GlobalSection(ExtensibilityGlobals) = postSolution
		SolutionGuid = {949E3F5C-2629-48D9-88E5-8BB38E5436B4}
	EndGlobalSection
EndGlobal
